
Microsoft Visual Studio Solution File, Format Version 12.00
# Visual Studio 15
VisualStudioVersion = 15.0.28307.329
MinimumVisualStudioVersion = 10.0.40219.1
Project("{FAE04EC0-301F-11D3-BF4B-00C04F79EFBC}") = "WPFUI", "WPFUI\WPFUI.csproj", "{1535E3B0-B9F0-4F72-97CB-9DAAF8F52F36}"
EndProject
Global
	GlobalSection(SolutionConfigurationPlatforms) = preSolution
		Debug|Any CPU = Debug|Any CPU
		Release|Any CPU = Release|Any CPU
	EndGlobalSection
	GlobalSection(ProjectConfigurationPlatforms) = postSolution
		{1535E3B0-B9F0-4F72-97CB-9DAAF8F52F36}.Debug|Any CPU.ActiveCfg = Debug|Any CPU
		{1535E3B0-B9F0-4F72-97CB-9DAAF8F52F36}.Debug|Any CPU.Build.0 = Debug|Any CPU
		{1535E3B0-B9F0-4F72-97CB-9DAAF8F52F36}.Release|Any CPU.ActiveCfg = Release|Any CPU
		{1535E3B0-B9F0-4F72-97CB-9DAAF8F52F36}.Release|Any CPU.Build.0 = Release|Any CPU
	EndGlobalSection
	GlobalSection(SolutionProperties) = preSolution
		HideSolutionNode = FALSE
	EndGlobalSection
	GlobalSection(ExtensibilityGlobals) = postSolution
		SolutionGuid = {ADDFA43F-DA4E-44E0-A8CD-BB50DFE4CDAB}
	EndGlobalSection
EndGlobal
