
Microsoft Visual Studio Solution File, Format Version 12.00
# Visual Studio 15
VisualStudioVersion = 15.0.28307.329
MinimumVisualStudioVersion = 10.0.40219.1
Project("{FAE04EC0-301F-11D3-BF4B-00C04F79EFBC}") = "Fasetto.Word", "Fasetto.Word\Fasetto.Word.csproj", "{F9582F10-B138-4345-85FE-ADA8EAB188CC}"
EndProject
Global
	GlobalSection(SolutionConfigurationPlatforms) = preSolution
		Debug|Any CPU = Debug|Any CPU
		Release|Any CPU = Release|Any CPU
	EndGlobalSection
	GlobalSection(ProjectConfigurationPlatforms) = postSolution
		{F9582F10-B138-4345-85FE-ADA8EAB188CC}.Debug|Any CPU.ActiveCfg = Debug|Any CPU
		{F9582F10-B138-4345-85FE-ADA8EAB188CC}.Debug|Any CPU.Build.0 = Debug|Any CPU
		{F9582F10-B138-4345-85FE-ADA8EAB188CC}.Release|Any CPU.ActiveCfg = Release|Any CPU
		{F9582F10-B138-4345-85FE-ADA8EAB188CC}.Release|Any CPU.Build.0 = Release|Any CPU
	EndGlobalSection
	GlobalSection(SolutionProperties) = preSolution
		HideSolutionNode = FALSE
	EndGlobalSection
	GlobalSection(ExtensibilityGlobals) = postSolution
		SolutionGuid = {9CAC3A0E-A9A8-416D-A3B3-5F382C4FE783}
	EndGlobalSection
EndGlobal
