
Microsoft Visual Studio Solution File, Format Version 12.00
# Visual Studio 15
VisualStudioVersion = 15.0.28307.329
MinimumVisualStudioVersion = 10.0.40219.1
Project("{FAE04EC0-301F-11D3-BF4B-00C04F79EFBC}") = "Slooier_voorraad", "Slooier_voorraad\Slooier_voorraad.csproj", "{65165D51-0A3A-4C1E-84D4-B1E671B0BA02}"
EndProject
Project("{FAE04EC0-301F-11D3-BF4B-00C04F79EFBC}") = "Slooier_Voorraad_WPF", "Slooier_Voorraad_WPF\Slooier_Voorraad_WPF.csproj", "{4AC91583-0F4B-4085-BE5F-D8FDF1CB6CD4}"
EndProject
Project("{FAE04EC0-301F-11D3-BF4B-00C04F79EFBC}") = "MVVMDemo", "MVVMDemo\MVVMDemo.csproj", "{ED6E287B-C608-4D8B-9A1C-745E4EC789F2}"
EndProject
Project("{FAE04EC0-301F-11D3-BF4B-00C04F79EFBC}") = "MVVMHierarchiesDemo", "MVVMHierarchiesDemo\MVVMHierarchiesDemo.csproj", "{879229BC-F57A-425E-9474-6CA4C64879EB}"
EndProject
Global
	GlobalSection(SolutionConfigurationPlatforms) = preSolution
		Debug|Any CPU = Debug|Any CPU
		Release|Any CPU = Release|Any CPU
	EndGlobalSection
	GlobalSection(ProjectConfigurationPlatforms) = postSolution
		{65165D51-0A3A-4C1E-84D4-B1E671B0BA02}.Debug|Any CPU.ActiveCfg = Debug|Any CPU
		{65165D51-0A3A-4C1E-84D4-B1E671B0BA02}.Debug|Any CPU.Build.0 = Debug|Any CPU
		{65165D51-0A3A-4C1E-84D4-B1E671B0BA02}.Release|Any CPU.ActiveCfg = Release|Any CPU
		{65165D51-0A3A-4C1E-84D4-B1E671B0BA02}.Release|Any CPU.Build.0 = Release|Any CPU
		{4AC91583-0F4B-4085-BE5F-D8FDF1CB6CD4}.Debug|Any CPU.ActiveCfg = Debug|Any CPU
		{4AC91583-0F4B-4085-BE5F-D8FDF1CB6CD4}.Debug|Any CPU.Build.0 = Debug|Any CPU
		{4AC91583-0F4B-4085-BE5F-D8FDF1CB6CD4}.Release|Any CPU.ActiveCfg = Release|Any CPU
		{4AC91583-0F4B-4085-BE5F-D8FDF1CB6CD4}.Release|Any CPU.Build.0 = Release|Any CPU
		{ED6E287B-C608-4D8B-9A1C-745E4EC789F2}.Debug|Any CPU.ActiveCfg = Debug|Any CPU
		{ED6E287B-C608-4D8B-9A1C-745E4EC789F2}.Debug|Any CPU.Build.0 = Debug|Any CPU
		{ED6E287B-C608-4D8B-9A1C-745E4EC789F2}.Release|Any CPU.ActiveCfg = Release|Any CPU
		{ED6E287B-C608-4D8B-9A1C-745E4EC789F2}.Release|Any CPU.Build.0 = Release|Any CPU
		{879229BC-F57A-425E-9474-6CA4C64879EB}.Debug|Any CPU.ActiveCfg = Debug|Any CPU
		{879229BC-F57A-425E-9474-6CA4C64879EB}.Debug|Any CPU.Build.0 = Debug|Any CPU
		{879229BC-F57A-425E-9474-6CA4C64879EB}.Release|Any CPU.ActiveCfg = Release|Any CPU
		{879229BC-F57A-425E-9474-6CA4C64879EB}.Release|Any CPU.Build.0 = Release|Any CPU
	EndGlobalSection
	GlobalSection(SolutionProperties) = preSolution
		HideSolutionNode = FALSE
	EndGlobalSection
	GlobalSection(ExtensibilityGlobals) = postSolution
		SolutionGuid = {2FE477AE-C9F4-45CD-9F6B-FD9BB7E56E49}
	EndGlobalSection
EndGlobal
